
Microsoft Visual Studio Solution File, Format Version 12.00
# Visual Studio Version 17
VisualStudioVersion = 17.7.34302.85
MinimumVisualStudioVersion = 10.0.40219.1
Project("{FAE04EC0-301F-11D3-BF4B-00C04F79EFBC}") = "JSInterlop.Server", "Server\JSInterlop.Server.csproj", "{D20F7837-2FB5-4951-855F-2DB8ADD92335}"
EndProject
Project("{FAE04EC0-301F-11D3-BF4B-00C04F79EFBC}") = "JSInterlop.Client", "Client\JSInterlop.Client.csproj", "{3C95DC0D-FF39-4B23-8DAE-C1870A0289BF}"
EndProject
Project("{FAE04EC0-301F-11D3-BF4B-00C04F79EFBC}") = "JSInterlop.Shared", "Shared\JSInterlop.Shared.csproj", "{1D1F715C-592F-4D3B-9CB5-9CCFDE956EDB}"
EndProject
Global
	GlobalSection(SolutionConfigurationPlatforms) = preSolution
		Debug|Any CPU = Debug|Any CPU
		Release|Any CPU = Release|Any CPU
	EndGlobalSection
	GlobalSection(ProjectConfigurationPlatforms) = postSolution
		{D20F7837-2FB5-4951-855F-2DB8ADD92335}.Debug|Any CPU.ActiveCfg = Debug|Any CPU
		{D20F7837-2FB5-4951-855F-2DB8ADD92335}.Debug|Any CPU.Build.0 = Debug|Any CPU
		{D20F7837-2FB5-4951-855F-2DB8ADD92335}.Release|Any CPU.ActiveCfg = Release|Any CPU
		{D20F7837-2FB5-4951-855F-2DB8ADD92335}.Release|Any CPU.Build.0 = Release|Any CPU
		{3C95DC0D-FF39-4B23-8DAE-C1870A0289BF}.Debug|Any CPU.ActiveCfg = Debug|Any CPU
		{3C95DC0D-FF39-4B23-8DAE-C1870A0289BF}.Debug|Any CPU.Build.0 = Debug|Any CPU
		{3C95DC0D-FF39-4B23-8DAE-C1870A0289BF}.Release|Any CPU.ActiveCfg = Release|Any CPU
		{3C95DC0D-FF39-4B23-8DAE-C1870A0289BF}.Release|Any CPU.Build.0 = Release|Any CPU
		{1D1F715C-592F-4D3B-9CB5-9CCFDE956EDB}.Debug|Any CPU.ActiveCfg = Debug|Any CPU
		{1D1F715C-592F-4D3B-9CB5-9CCFDE956EDB}.Debug|Any CPU.Build.0 = Debug|Any CPU
		{1D1F715C-592F-4D3B-9CB5-9CCFDE956EDB}.Release|Any CPU.ActiveCfg = Release|Any CPU
		{1D1F715C-592F-4D3B-9CB5-9CCFDE956EDB}.Release|Any CPU.Build.0 = Release|Any CPU
	EndGlobalSection
	GlobalSection(SolutionProperties) = preSolution
		HideSolutionNode = FALSE
	EndGlobalSection
	GlobalSection(ExtensibilityGlobals) = postSolution
		SolutionGuid = {2B142455-AA70-4539-8097-9160082EAE83}
	EndGlobalSection
EndGlobal
